// !$*UTF8*$!
{
	archiveVersion = 1;
	classes = {
	};
	objectVersion = 50;
	objects = {

/* Begin PBXBuildFile section */
		579BAEE02162F41E00AEC627 /* AppDelegate.m in Sources */ = {isa = PBXBuildFile; fileRef = 579BAEDF2162F41E00AEC627 /* AppDelegate.m */; };
		579BAEE32162F41E00AEC627 /* ViewController.m in Sources */ = {isa = PBXBuildFile; fileRef = 579BAEE22162F41E00AEC627 /* ViewController.m */; };
		579BAEE62162F41E00AEC627 /* Main.storyboard in Resources */ = {isa = PBXBuildFile; fileRef = 579BAEE42162F41E00AEC627 /* Main.storyboard */; };
		579BAEE82162F41F00AEC627 /* Assets.xcassets in Resources */ = {isa = PBXBuildFile; fileRef = 579BAEE72162F41F00AEC627 /* Assets.xcassets */; };
		579BAEEB2162F41F00AEC627 /* LaunchScreen.storyboard in Resources */ = {isa = PBXBuildFile; fileRef = 579BAEE92162F41F00AEC627 /* LaunchScreen.storyboard */; };
		579BAEEE2162F42000AEC627 /* main.m in Sources */ = {isa = PBXBuildFile; fileRef = 579BAEED2162F42000AEC627 /* main.m */; };
		579BAEF72162F44000AEC627 /* OMProgressHUD.m in Sources */ = {isa = PBXBuildFile; fileRef = 579BAEF52162F44000AEC627 /* OMProgressHUD.m */; };
/* End PBXBuildFile section */

/* Begin PBXFileReference section */
		579BAEDB2162F41E00AEC627 /* OMProgressHUD.app */ = {isa = PBXFileReference; explicitFileType = wrapper.application; includeInIndex = 0; path = OMProgressHUD.app; sourceTree = BUILT_PRODUCTS_DIR; };
		579BAEDE2162F41E00AEC627 /* AppDelegate.h */ = {isa = PBXFileReference; lastKnownFileType = sourcecode.c.h; path = AppDelegate.h; sourceTree = "<group>"; };
		579BAEDF2162F41E00AEC627 /* AppDelegate.m */ = {isa = PBXFileReference; lastKnownFileType = sourcecode.c.objc; path = AppDelegate.m; sourceTree = "<group>"; };
		579BAEE12162F41E00AEC627 /* ViewController.h */ = {isa = PBXFileReference; lastKnownFileType = sourcecode.c.h; path = ViewController.h; sourceTree = "<group>"; };
		579BAEE22162F41E00AEC627 /* ViewController.m */ = {isa = PBXFileReference; lastKnownFileType = sourcecode.c.objc; path = ViewController.m; sourceTree = "<group>"; };
		579BAEE52162F41E00AEC627 /* Base */ = {isa = PBXFileReference; lastKnownFileType = file.storyboard; name = Base; path = Base.lproj/Main.storyboard; sourceTree = "<group>"; };
		579BAEE72162F41F00AEC627 /* Assets.xcassets */ = {isa = PBXFileReference; lastKnownFileType = folder.assetcatalog; path = Assets.xcassets; sourceTree = "<group>"; };
		579BAEEA2162F41F00AEC627 /* Base */ = {isa = PBXFileReference; lastKnownFileType = file.storyboard; name = Base; path = Base.lproj/LaunchScreen.storyboard; sourceTree = "<group>"; };
		579BAEEC2162F42000AEC627 /* Info.plist */ = {isa = PBXFileReference; lastKnownFileType = text.plist.xml; path = Info.plist; sourceTree = "<group>"; };
		579BAEED2162F42000AEC627 /* main.m */ = {isa = PBXFileReference; lastKnownFileType = sourcecode.c.objc; path = main.m; sourceTree = "<group>"; };
		579BAEF52162F44000AEC627 /* OMProgressHUD.m */ = {isa = PBXFileReference; fileEncoding = 4; lastKnownFileType = sourcecode.c.objc; path = OMProgressHUD.m; sourceTree = "<group>"; };
		579BAEF62162F44000AEC627 /* OMProgressHUD.h */ = {isa = PBXFileReference; fileEncoding = 4; lastKnownFileType = sourcecode.c.h; path = OMProgressHUD.h; sourceTree = "<group>"; };
/* End PBXFileReference section */

/* Begin PBXFrameworksBuildPhase section */
		579BAED82162F41E00AEC627 /* Frameworks */ = {
			isa = PBXFrameworksBuildPhase;
			buildActionMask = 2147483647;
			files = (
			);
			runOnlyForDeploymentPostprocessing = 0;
		};
/* End PBXFrameworksBuildPhase section */

/* Begin PBXGroup section */
		579BAED22162F41E00AEC627 = {
			isa = PBXGroup;
			children = (
				579BAEDD2162F41E00AEC627 /* OMProgressHUD */,
				579BAEDC2162F41E00AEC627 /* Products */,
			);
			sourceTree = "<group>";
		};
		579BAEDC2162F41E00AEC627 /* Products */ = {
			isa = PBXGroup;
			children = (
				579BAEDB2162F41E00AEC627 /* OMProgressHUD.app */,
			);
			name = Products;
			sourceTree = "<group>";
		};
		579BAEDD2162F41E00AEC627 /* OMProgressHUD */ = {
			isa = PBXGroup;
			children = (
				579BAEDE2162F41E00AEC627 /* AppDelegate.h */,
				579BAEDF2162F41E00AEC627 /* AppDelegate.m */,
				579BAEE12162F41E00AEC627 /* ViewController.h */,
				579BAEE22162F41E00AEC627 /* ViewController.m */,
				579BAEF42162F44000AEC627 /* OMProgressHUD */,
				579BAEE42162F41E00AEC627 /* Main.storyboard */,
				579BAEE72162F41F00AEC627 /* Assets.xcassets */,
				579BAEE92162F41F00AEC627 /* LaunchScreen.storyboard */,
				579BAEEC2162F42000AEC627 /* Info.plist */,
				579BAEED2162F42000AEC627 /* main.m */,
			);
			path = OMProgressHUD;
			sourceTree = "<group>";
		};
		579BAEF42162F44000AEC627 /* OMProgressHUD */ = {
			isa = PBXGroup;
			children = (
				579BAEF62162F44000AEC627 /* OMProgressHUD.h */,
				579BAEF52162F44000AEC627 /* OMProgressHUD.m */,
			);
			path = OMProgressHUD;
			sourceTree = "<group>";
		};
/* End PBXGroup section */

/* Begin PBXNativeTarget section */
		579BAEDA2162F41E00AEC627 /* OMProgressHUD */ = {
			isa = PBXNativeTarget;
			buildConfigurationList = 579BAEF12162F42000AEC627 /* Build configuration list for PBXNativeTarget "OMProgressHUD" */;
			buildPhases = (
				579BAED72162F41E00AEC627 /* Sources */,
				579BAED82162F41E00AEC627 /* Frameworks */,
				579BAED92162F41E00AEC627 /* Resources */,
			);
			buildRules = (
			);
			dependencies = (
			);
			name = OMProgressHUD;
			productName = OMProgressHUD;
			productReference = 579BAEDB2162F41E00AEC627 /* OMProgressHUD.app */;
			productType = "com.apple.product-type.application";
		};
/* End PBXNativeTarget section */

/* Begin PBXProject section */
		579BAED32162F41E00AEC627 /* Project object */ = {
			isa = PBXProject;
			attributes = {
				LastUpgradeCheck = 0930;
				ORGANIZATIONNAME = tima;
				TargetAttributes = {
					579BAEDA2162F41E00AEC627 = {
						CreatedOnToolsVersion = 9.3;
					};
				};
			};
			buildConfigurationList = 579BAED62162F41E00AEC627 /* Build configuration list for PBXProject "OMProgressHUD" */;
			compatibilityVersion = "Xcode 9.3";
			developmentRegion = en;
			hasScannedForEncodings = 0;
			knownRegions = (
				en,
				Base,
			);
			mainGroup = 579BAED22162F41E00AEC627;
			productRefGroup = 579BAEDC2162F41E00AEC627 /* Products */;
			projectDirPath = "";
			projectRoot = "";
			targets = (
				579BAEDA2162F41E00AEC627 /* OMProgressHUD */,
			);
		};
/* End PBXProject section */

/* Begin PBXResourcesBuildPhase section */
		579BAED92162F41E00AEC627 /* Resources */ = {
			isa = PBXResourcesBuildPhase;
			buildActionMask = 2147483647;
			files = (
				579BAEEB2162F41F00AEC627 /* LaunchScreen.storyboard in Resources */,
				579BAEE82162F41F00AEC627 /* Assets.xcassets in Resources */,
				579BAEE62162F41E00AEC627 /* Main.storyboard in Resources */,
			);
			runOnlyForDeploymentPostprocessing = 0;
		};
/* End PBXResourcesBuildPhase section */

/* Begin PBXSourcesBuildPhase section */
		579BAED72162F41E00AEC627 /* Sources */ = {
			isa = PBXSourcesBuildPhase;
			buildActionMask = 2147483647;
			files = (
				579BAEE32162F41E00AEC627 /* ViewController.m in Sources */,
				579BAEF72162F44000AEC627 /* OMProgressHUD.m in Sources */,
				579BAEEE2162F42000AEC627 /* main.m in Sources */,
				579BAEE02162F41E00AEC627 /* AppDelegate.m in Sources */,
			);
			runOnlyForDeploymentPostprocessing = 0;
		};
/* End PBXSourcesBuildPhase section */

/* Begin PBXVariantGroup section */
		579BAEE42162F41E00AEC627 /* Main.storyboard */ = {
			isa = PBXVariantGroup;
			children = (
				579BAEE52162F41E00AEC627 /* Base */,
			);
			name = Main.storyboard;
			sourceTree = "<group>";
		};
		579BAEE92162F41F00AEC627 /* LaunchScreen.storyboard */ = {
			isa = PBXVariantGroup;
			children = (
				579BAEEA2162F41F00AEC627 /* Base */,
			);
			name = LaunchScreen.storyboard;
			sourceTree = "<group>";
		};
/* End PBXVariantGroup section */

/* Begin XCBuildConfiguration section */
		579BAEEF2162F42000AEC627 /* Debug */ = {
			isa = XCBuildConfiguration;
			buildSettings = {
				ALWAYS_SEARCH_USER_PATHS = NO;
				CLANG_ANALYZER_NONNULL = YES;
				CLANG_ANALYZER_NUMBER_OBJECT_CONVERSION = YES_AGGRESSIVE;
				CLANG_CXX_LANGUAGE_STANDARD = "gnu++14";
				CLANG_CXX_LIBRARY = "libc++";
				CLANG_ENABLE_MODULES = YES;
				CLANG_ENABLE_OBJC_ARC = YES;
				CLANG_ENABLE_OBJC_WEAK = YES;
				CLANG_WARN_BLOCK_CAPTURE_AUTORELEASING = YES;
				CLANG_WARN_BOOL_CONVERSION = YES;
				CLANG_WARN_COMMA = YES;
				CLANG_WARN_CONSTANT_CONVERSION = YES;
				CLANG_WARN_DEPRECATED_OBJC_IMPLEMENTATIONS = YES;
				CLANG_WARN_DIRECT_OBJC_ISA_USAGE = YES_ERROR;
				CLANG_WARN_DOCUMENTATION_COMMENTS = YES;
				CLANG_WARN_EMPTY_BODY = YES;
				CLANG_WARN_ENUM_CONVERSION = YES;
				CLANG_WARN_INFINITE_RECURSION = YES;
				CLANG_WARN_INT_CONVERSION = YES;
				CLANG_WARN_NON_LITERAL_NULL_CONVERSION = YES;
				CLANG_WARN_OBJC_IMPLICIT_RETAIN_SELF = YES;
				CLANG_WARN_OBJC_LITERAL_CONVERSION = YES;
				CLANG_WARN_OBJC_ROOT_CLASS = YES_ERROR;
				CLANG_WARN_RANGE_LOOP_ANALYSIS = YES;
				CLANG_WARN_STRICT_PROTOTYPES = YES;
				CLANG_WARN_SUSPICIOUS_MOVE = YES;
				CLANG_WARN_UNGUARDED_AVAILABILITY = YES_AGGRESSIVE;
				CLANG_WARN_UNREACHABLE_CODE = YES;
				CLANG_WARN__DUPLICATE_METHOD_MATCH = YES;
				CODE_SIGN_IDENTITY = "iPhone Developer";
				COPY_PHASE_STRIP = NO;
				DEBUG_INFORMATION_FORMAT = dwarf;
				ENABLE_STRICT_OBJC_MSGSEND = YES;
				ENABLE_TESTABILITY = YES;
				GCC_C_LANGUAGE_STANDARD = gnu11;
				GCC_DYNAMIC_NO_PIC = NO;
				GCC_NO_COMMON_BLOCKS = YES;
				GCC_OPTIMIZATION_LEVEL = 0;
				GCC_PREPROCESSOR_DEFINITIONS = (
					"DEBUG=1",
					"$(inherited)",
				);
				GCC_WARN_64_TO_32_BIT_CONVERSION = YES;
				GCC_WARN_ABOUT_RETURN_TYPE = YES_ERROR;
				GCC_WARN_UNDECLARED_SELECTOR = YES;
				GCC_WARN_UNINITIALIZED_AUTOS = YES_AGGRESSIVE;
				GCC_WARN_UNUSED_FUNCTION = YES;
				GCC_WARN_UNUSED_VARIABLE = YES;
				IPHONEOS_DEPLOYMENT_TARGET = 11.3;
				MTL_ENABLE_DEBUG_INFO = YES;
				ONLY_ACTIVE_ARCH = YES;
				SDKROOT = iphoneos;
			};
			name = Debug;
		};
		579BAEF02162F42000AEC627 /* Release */ = {
			isa = XCBuildConfiguration;
			buildSettings = {
				ALWAYS_SEARCH_USER_PATHS = NO;
				CLANG_ANALYZER_NONNULL = YES;
				CLANG_ANALYZER_NUMBER_OBJECT_CONVERSION = YES_AGGRESSIVE;
				CLANG_CXX_LANGUAGE_STANDARD = "gnu++14";
				CLANG_CXX_LIBRARY = "libc++";
				CLANG_ENABLE_MODULES = YES;
				CLANG_ENABLE_OBJC_ARC = YES;
				CLANG_ENABLE_OBJC_WEAK = YES;
				CLANG_WARN_BLOCK_CAPTURE_AUTORELEASING = YES;
				CLANG_WARN_BOOL_CONVERSION = YES;
				CLANG_WARN_COMMA = YES;
				CLANG_WARN_CONSTANT_CONVERSION = YES;
				CLANG_WARN_DEPRECATED_OBJC_IMPLEMENTATIONS = YES;
				CLANG_WARN_DIRECT_OBJC_ISA_USAGE = YES_ERROR;
				CLANG_WARN_DOCUMENTATION_COMMENTS = YES;
				CLANG_WARN_EMPTY_BODY = YES;
				CLANG_WARN_ENUM_CONVERSION = YES;
				CLANG_WARN_INFINITE_RECURSION = YES;
				CLANG_WARN_INT_CONVERSION = YES;
				CLANG_WARN_NON_LITERAL_NULL_CONVERSION = YES;
				CLANG_WARN_OBJC_IMPLICIT_RETAIN_SELF = YES;
				CLANG_WARN_OBJC_LITERAL_CONVERSION = YES;
				CLANG_WARN_OBJC_ROOT_CLASS = YES_ERROR;
				CLANG_WARN_RANGE_LOOP_ANALYSIS = YES;
				CLANG_WARN_STRICT_PROTOTYPES = YES;
				CLANG_WARN_SUSPICIOUS_MOVE = YES;
				CLANG_WARN_UNGUARDED_AVAILABILITY = YES_AGGRESSIVE;
				CLANG_WARN_UNREACHABLE_CODE = YES;
				CLANG_WARN__DUPLICATE_METHOD_MATCH = YES;
				CODE_SIGN_IDENTITY = "iPhone Developer";
				COPY_PHASE_STRIP = NO;
				DEBUG_INFORMATION_FORMAT = "dwarf-with-dsym";
				ENABLE_NS_ASSERTIONS = NO;
				ENABLE_STRICT_OBJC_MSGSEND = YES;
				GCC_C_LANGUAGE_STANDARD = gnu11;
				GCC_NO_COMMON_BLOCKS = YES;
				GCC_WARN_64_TO_32_BIT_CONVERSION = YES;
				GCC_WARN_ABOUT_RETURN_TYPE = YES_ERROR;
				GCC_WARN_UNDECLARED_SELECTOR = YES;
				GCC_WARN_UNINITIALIZED_AUTOS = YES_AGGRESSIVE;
				GCC_WARN_UNUSED_FUNCTION = YES;
				GCC_WARN_UNUSED_VARIABLE = YES;
				IPHONEOS_DEPLOYMENT_TARGET = 11.3;
				MTL_ENABLE_DEBUG_INFO = NO;
				SDKROOT = iphoneos;
				VALIDATE_PRODUCT = YES;
			};
			name = Release;
		};
		579BAEF22162F42000AEC627 /* Debug */ = {
			isa = XCBuildConfiguration;
			buildSettings = {
				ASSETCATALOG_COMPILER_APPICON_NAME = AppIcon;
				CODE_SIGN_STYLE = Automatic;
				INFOPLIST_FILE = OMProgressHUD/Info.plist;
				LD_RUNPATH_SEARCH_PATHS = (
					"$(inherited)",
					"@executable_path/Frameworks",
				);
				PRODUCT_BUNDLE_IDENTIFIER = net.tima.OMProgressHUD;
				PRODUCT_NAME = "$(TARGET_NAME)";
				TARGETED_DEVICE_FAMILY = "1,2";
			};
			name = Debug;
		};
		579BAEF32162F42000AEC627 /* Release */ = {
			isa = XCBuildConfiguration;
			buildSettings = {
				ASSETCATALOG_COMPILER_APPICON_NAME = AppIcon;
				CODE_SIGN_STYLE = Automatic;
				INFOPLIST_FILE = OMProgressHUD/Info.plist;
				LD_RUNPATH_SEARCH_PATHS = (
					"$(inherited)",
					"@executable_path/Frameworks",
				);
				PRODUCT_BUNDLE_IDENTIFIER = net.tima.OMProgressHUD;
				PRODUCT_NAME = "$(TARGET_NAME)";
				TARGETED_DEVICE_FAMILY = "1,2";
			};
			name = Release;
		};
/* End XCBuildConfiguration section */

/* Begin XCConfigurationList section */
		579BAED62162F41E00AEC627 /* Build configuration list for PBXProject "OMProgressHUD" */ = {
			isa = XCConfigurationList;
			buildConfigurations = (
				579BAEEF2162F42000AEC627 /* Debug */,
				579BAEF02162F42000AEC627 /* Release */,
			);
			defaultConfigurationIsVisible = 0;
			defaultConfigurationName = Release;
		};
		579BAEF12162F42000AEC627 /* Build configuration list for PBXNativeTarget "OMProgressHUD" */ = {
			isa = XCConfigurationList;
			buildConfigurations = (
				579BAEF22162F42000AEC627 /* Debug */,
				579BAEF32162F42000AEC627 /* Release */,
			);
			defaultConfigurationIsVisible = 0;
			defaultConfigurationName = Release;
		};
/* End XCConfigurationList section */
	};
	rootObject = 579BAED32162F41E00AEC627 /* Project object */;
}
